// !$*UTF8*$!
{
	archiveVersion = 1;
	classes = {
	};
	objectVersion = 48;
	objects = {

/* Begin PBXBuildFile section */
		A500C2791FEF57840055333C /* AppDelegate.swift in Sources */ = {isa = PBXBuildFile; fileRef = A500C2781FEF57840055333C /* AppDelegate.swift */; };
		A500C27B1FEF57840055333C /* Assets.xcassets in Resources */ = {isa = PBXBuildFile; fileRef = A500C27A1FEF57840055333C /* Assets.xcassets */; };
		A500C27E1FEF57840055333C /* MainMenu.xib in Resources */ = {isa = PBXBuildFile; fileRef = A500C27C1FEF57840055333C /* MainMenu.xib */; };
		A51C81471FEFFFEE009C2E55 /* ScriptingBridge.framework in Frameworks */ = {isa = PBXBuildFile; fileRef = A51C81461FEFFFEE009C2E55 /* ScriptingBridge.framework */; };
		A51C81531FF00277009C2E55 /* iTunes.swift in Sources */ = {isa = PBXBuildFile; fileRef = A51C81501FF00277009C2E55 /* iTunes.swift */; };
		A51C81541FF00277009C2E55 /* iTunesScripting.swift in Sources */ = {isa = PBXBuildFile; fileRef = A51C81521FF00277009C2E55 /* iTunesScripting.swift */; };
/* End PBXBuildFile section */

/* Begin PBXFileReference section */
		A500C2751FEF57840055333C /* MenuLove.app */ = {isa = PBXFileReference; explicitFileType = wrapper.application; includeInIndex = 0; path = MenuLove.app; sourceTree = BUILT_PRODUCTS_DIR; };
		A500C2781FEF57840055333C /* AppDelegate.swift */ = {isa = PBXFileReference; lastKnownFileType = sourcecode.swift; path = AppDelegate.swift; sourceTree = "<group>"; };
		A500C27A1FEF57840055333C /* Assets.xcassets */ = {isa = PBXFileReference; lastKnownFileType = folder.assetcatalog; path = Assets.xcassets; sourceTree = "<group>"; };
		A500C27D1FEF57840055333C /* Base */ = {isa = PBXFileReference; lastKnownFileType = file.xib; name = Base; path = Base.lproj/MainMenu.xib; sourceTree = "<group>"; };
		A500C27F1FEF57840055333C /* Info.plist */ = {isa = PBXFileReference; lastKnownFileType = text.plist.xml; path = Info.plist; sourceTree = "<group>"; };
		A500C2801FEF57840055333C /* MenuLove.entitlements */ = {isa = PBXFileReference; lastKnownFileType = text.plist.entitlements; path = MenuLove.entitlements; sourceTree = "<group>"; };
		A51C81461FEFFFEE009C2E55 /* ScriptingBridge.framework */ = {isa = PBXFileReference; lastKnownFileType = wrapper.framework; name = ScriptingBridge.framework; path = System/Library/Frameworks/ScriptingBridge.framework; sourceTree = SDKROOT; };
		A51C814F1FF00277009C2E55 /* iTunes.h */ = {isa = PBXFileReference; fileEncoding = 4; lastKnownFileType = sourcecode.c.h; name = iTunes.h; path = ../../SwiftScripting/Frameworks/iTunesScripting/iTunesScripting/iTunes.h; sourceTree = "<group>"; };
		A51C81501FF00277009C2E55 /* iTunes.swift */ = {isa = PBXFileReference; fileEncoding = 4; lastKnownFileType = sourcecode.swift; name = iTunes.swift; path = ../../SwiftScripting/Frameworks/iTunesScripting/iTunesScripting/iTunes.swift; sourceTree = "<group>"; };
		A51C81511FF00277009C2E55 /* iTunesScripting.h */ = {isa = PBXFileReference; fileEncoding = 4; lastKnownFileType = sourcecode.c.h; name = iTunesScripting.h; path = ../../SwiftScripting/Frameworks/iTunesScripting/iTunesScripting/iTunesScripting.h; sourceTree = "<group>"; };
		A51C81521FF00277009C2E55 /* iTunesScripting.swift */ = {isa = PBXFileReference; fileEncoding = 4; lastKnownFileType = sourcecode.swift; name = iTunesScripting.swift; path = ../../SwiftScripting/Frameworks/iTunesScripting/iTunesScripting/iTunesScripting.swift; sourceTree = "<group>"; };
/* End PBXFileReference section */

/* Begin PBXFrameworksBuildPhase section */
		A500C2721FEF57840055333C /* Frameworks */ = {
			isa = PBXFrameworksBuildPhase;
			buildActionMask = 2147483647;
			files = (
				A51C81471FEFFFEE009C2E55 /* ScriptingBridge.framework in Frameworks */,
			);
			runOnlyForDeploymentPostprocessing = 0;
		};
/* End PBXFrameworksBuildPhase section */

/* Begin PBXGroup section */
		A500C26C1FEF57840055333C = {
			isa = PBXGroup;
			children = (
				A500C2771FEF57840055333C /* MenuLove */,
				A500C2761FEF57840055333C /* Products */,
				A51C81451FEFFFEE009C2E55 /* Frameworks */,
			);
			sourceTree = "<group>";
		};
		A500C2761FEF57840055333C /* Products */ = {
			isa = PBXGroup;
			children = (
				A500C2751FEF57840055333C /* MenuLove.app */,
			);
			name = Products;
			sourceTree = "<group>";
		};
		A500C2771FEF57840055333C /* MenuLove */ = {
			isa = PBXGroup;
			children = (
				A500C2781FEF57840055333C /* AppDelegate.swift */,
				A500C27A1FEF57840055333C /* Assets.xcassets */,
				A500C27C1FEF57840055333C /* MainMenu.xib */,
				A500C27F1FEF57840055333C /* Info.plist */,
				A51C814F1FF00277009C2E55 /* iTunes.h */,
				A51C81501FF00277009C2E55 /* iTunes.swift */,
				A51C81511FF00277009C2E55 /* iTunesScripting.h */,
				A51C81521FF00277009C2E55 /* iTunesScripting.swift */,
				A500C2801FEF57840055333C /* MenuLove.entitlements */,
			);
			path = MenuLove;
			sourceTree = "<group>";
		};
		A51C81451FEFFFEE009C2E55 /* Frameworks */ = {
			isa = PBXGroup;
			children = (
				A51C81461FEFFFEE009C2E55 /* ScriptingBridge.framework */,
			);
			name = Frameworks;
			sourceTree = "<group>";
		};
/* End PBXGroup section */

/* Begin PBXNativeTarget section */
		A500C2741FEF57840055333C /* MenuLove */ = {
			isa = PBXNativeTarget;
			buildConfigurationList = A500C2831FEF57840055333C /* Build configuration list for PBXNativeTarget "MenuLove" */;
			buildPhases = (
				A500C2711FEF57840055333C /* Sources */,
				A500C2721FEF57840055333C /* Frameworks */,
				A500C2731FEF57840055333C /* Resources */,
			);
			buildRules = (
			);
			dependencies = (
			);
			name = MenuLove;
			productName = MenuLove;
			productReference = A500C2751FEF57840055333C /* MenuLove.app */;
			productType = "com.apple.product-type.application";
		};
/* End PBXNativeTarget section */

/* Begin PBXProject section */
		A500C26D1FEF57840055333C /* Project object */ = {
			isa = PBXProject;
			attributes = {
				LastSwiftUpdateCheck = 0920;
				LastUpgradeCheck = 0920;
				ORGANIZATIONNAME = "Paul Stella II";
				TargetAttributes = {
					A500C2741FEF57840055333C = {
						CreatedOnToolsVersion = 9.2;
						ProvisioningStyle = Automatic;
					};
				};
			};
			buildConfigurationList = A500C2701FEF57840055333C /* Build configuration list for PBXProject "MenuLove" */;
			compatibilityVersion = "Xcode 8.0";
			developmentRegion = en;
			hasScannedForEncodings = 0;
			knownRegions = (
				en,
				Base,
			);
			mainGroup = A500C26C1FEF57840055333C;
			productRefGroup = A500C2761FEF57840055333C /* Products */;
			projectDirPath = "";
			projectRoot = "";
			targets = (
				A500C2741FEF57840055333C /* MenuLove */,
			);
		};
/* End PBXProject section */

/* Begin PBXResourcesBuildPhase section */
		A500C2731FEF57840055333C /* Resources */ = {
			isa = PBXResourcesBuildPhase;
			buildActionMask = 2147483647;
			files = (
				A500C27B1FEF57840055333C /* Assets.xcassets in Resources */,
				A500C27E1FEF57840055333C /* MainMenu.xib in Resources */,
			);
			runOnlyForDeploymentPostprocessing = 0;
		};
/* End PBXResourcesBuildPhase section */

/* Begin PBXSourcesBuildPhase section */
		A500C2711FEF57840055333C /* Sources */ = {
			isa = PBXSourcesBuildPhase;
			buildActionMask = 2147483647;
			files = (
				A51C81541FF00277009C2E55 /* iTunesScripting.swift in Sources */,
				A500C2791FEF57840055333C /* AppDelegate.swift in Sources */,
				A51C81531FF00277009C2E55 /* iTunes.swift in Sources */,
			);
			runOnlyForDeploymentPostprocessing = 0;
		};
/* End PBXSourcesBuildPhase section */

/* Begin PBXVariantGroup section */
		A500C27C1FEF57840055333C /* MainMenu.xib */ = {
			isa = PBXVariantGroup;
			children = (
				A500C27D1FEF57840055333C /* Base */,
			);
			name = MainMenu.xib;
			sourceTree = "<group>";
		};
/* End PBXVariantGroup section */

/* Begin XCBuildConfiguration section */
		A500C2811FEF57840055333C /* Debug */ = {
			isa = XCBuildConfiguration;
			buildSettings = {
				ALWAYS_SEARCH_USER_PATHS = NO;
				CLANG_ANALYZER_NONNULL = YES;
				CLANG_ANALYZER_NUMBER_OBJECT_CONVERSION = YES_AGGRESSIVE;
				CLANG_CXX_LANGUAGE_STANDARD = "gnu++14";
				CLANG_CXX_LIBRARY = "libc++";
				CLANG_ENABLE_MODULES = YES;
				CLANG_ENABLE_OBJC_ARC = YES;
				CLANG_WARN_BLOCK_CAPTURE_AUTORELEASING = YES;
				CLANG_WARN_BOOL_CONVERSION = YES;
				CLANG_WARN_COMMA = YES;
				CLANG_WARN_CONSTANT_CONVERSION = YES;
				CLANG_WARN_DIRECT_OBJC_ISA_USAGE = YES_ERROR;
				CLANG_WARN_DOCUMENTATION_COMMENTS = YES;
				CLANG_WARN_EMPTY_BODY = YES;
				CLANG_WARN_ENUM_CONVERSION = YES;
				CLANG_WARN_INFINITE_RECURSION = YES;
				CLANG_WARN_INT_CONVERSION = YES;
				CLANG_WARN_NON_LITERAL_NULL_CONVERSION = YES;
				CLANG_WARN_OBJC_LITERAL_CONVERSION = YES;
				CLANG_WARN_OBJC_ROOT_CLASS = YES_ERROR;
				CLANG_WARN_RANGE_LOOP_ANALYSIS = YES;
				CLANG_WARN_STRICT_PROTOTYPES = YES;
				CLANG_WARN_SUSPICIOUS_MOVE = YES;
				CLANG_WARN_UNGUARDED_AVAILABILITY = YES_AGGRESSIVE;
				CLANG_WARN_UNREACHABLE_CODE = YES;
				CLANG_WARN__DUPLICATE_METHOD_MATCH = YES;
				CODE_SIGN_IDENTITY = "-";
				COPY_PHASE_STRIP = NO;
				DEBUG_INFORMATION_FORMAT = dwarf;
				ENABLE_STRICT_OBJC_MSGSEND = YES;
				ENABLE_TESTABILITY = YES;
				GCC_C_LANGUAGE_STANDARD = gnu11;
				GCC_DYNAMIC_NO_PIC = NO;
				GCC_NO_COMMON_BLOCKS = YES;
				GCC_OPTIMIZATION_LEVEL = 0;
				GCC_PREPROCESSOR_DEFINITIONS = (
					"DEBUG=1",
					"$(inherited)",
				);
				GCC_WARN_64_TO_32_BIT_CONVERSION = YES;
				GCC_WARN_ABOUT_RETURN_TYPE = YES_ERROR;
				GCC_WARN_UNDECLARED_SELECTOR = YES;
				GCC_WARN_UNINITIALIZED_AUTOS = YES_AGGRESSIVE;
				GCC_WARN_UNUSED_FUNCTION = YES;
				GCC_WARN_UNUSED_VARIABLE = YES;
				MACOSX_DEPLOYMENT_TARGET = 10.13;
				MTL_ENABLE_DEBUG_INFO = YES;
				ONLY_ACTIVE_ARCH = YES;
				SDKROOT = macosx;
				SWIFT_ACTIVE_COMPILATION_CONDITIONS = DEBUG;
				SWIFT_OPTIMIZATION_LEVEL = "-Onone";
			};
			name = Debug;
		};
		A500C2821FEF57840055333C /* Release */ = {
			isa = XCBuildConfiguration;
			buildSettings = {
				ALWAYS_SEARCH_USER_PATHS = NO;
				CLANG_ANALYZER_NONNULL = YES;
				CLANG_ANALYZER_NUMBER_OBJECT_CONVERSION = YES_AGGRESSIVE;
				CLANG_CXX_LANGUAGE_STANDARD = "gnu++14";
				CLANG_CXX_LIBRARY = "libc++";
				CLANG_ENABLE_MODULES = YES;
				CLANG_ENABLE_OBJC_ARC = YES;
				CLANG_WARN_BLOCK_CAPTURE_AUTORELEASING = YES;
				CLANG_WARN_BOOL_CONVERSION = YES;
				CLANG_WARN_COMMA = YES;
				CLANG_WARN_CONSTANT_CONVERSION = YES;
				CLANG_WARN_DIRECT_OBJC_ISA_USAGE = YES_ERROR;
				CLANG_WARN_DOCUMENTATION_COMMENTS = YES;
				CLANG_WARN_EMPTY_BODY = YES;
				CLANG_WARN_ENUM_CONVERSION = YES;
				CLANG_WARN_INFINITE_RECURSION = YES;
				CLANG_WARN_INT_CONVERSION = YES;
				CLANG_WARN_NON_LITERAL_NULL_CONVERSION = YES;
				CLANG_WARN_OBJC_LITERAL_CONVERSION = YES;
				CLANG_WARN_OBJC_ROOT_CLASS = YES_ERROR;
				CLANG_WARN_RANGE_LOOP_ANALYSIS = YES;
				CLANG_WARN_STRICT_PROTOTYPES = YES;
				CLANG_WARN_SUSPICIOUS_MOVE = YES;
				CLANG_WARN_UNGUARDED_AVAILABILITY = YES_AGGRESSIVE;
				CLANG_WARN_UNREACHABLE_CODE = YES;
				CLANG_WARN__DUPLICATE_METHOD_MATCH = YES;
				CODE_SIGN_IDENTITY = "-";
				COPY_PHASE_STRIP = NO;
				DEBUG_INFORMATION_FORMAT = "dwarf-with-dsym";
				ENABLE_NS_ASSERTIONS = NO;
				ENABLE_STRICT_OBJC_MSGSEND = YES;
				GCC_C_LANGUAGE_STANDARD = gnu11;
				GCC_NO_COMMON_BLOCKS = YES;
				GCC_WARN_64_TO_32_BIT_CONVERSION = YES;
				GCC_WARN_ABOUT_RETURN_TYPE = YES_ERROR;
				GCC_WARN_UNDECLARED_SELECTOR = YES;
				GCC_WARN_UNINITIALIZED_AUTOS = YES_AGGRESSIVE;
				GCC_WARN_UNUSED_FUNCTION = YES;
				GCC_WARN_UNUSED_VARIABLE = YES;
				MACOSX_DEPLOYMENT_TARGET = 10.13;
				MTL_ENABLE_DEBUG_INFO = NO;
				SDKROOT = macosx;
				SWIFT_OPTIMIZATION_LEVEL = "-Owholemodule";
			};
			name = Release;
		};
		A500C2841FEF57840055333C /* Debug */ = {
			isa = XCBuildConfiguration;
			buildSettings = {
				ASSETCATALOG_COMPILER_APPICON_NAME = AppIcon;
				CODE_SIGN_ENTITLEMENTS = MenuLove/MenuLove.entitlements;
				CODE_SIGN_STYLE = Automatic;
				COMBINE_HIDPI_IMAGES = YES;
				INFOPLIST_FILE = MenuLove/Info.plist;
				LD_RUNPATH_SEARCH_PATHS = "$(inherited) @executable_path/../Frameworks";
				PRODUCT_BUNDLE_IDENTIFIER = com.thepaulstella.MenuLove;
				PRODUCT_NAME = "$(TARGET_NAME)";
				SWIFT_VERSION = 4.0;
			};
			name = Debug;
		};
		A500C2851FEF57840055333C /* Release */ = {
			isa = XCBuildConfiguration;
			buildSettings = {
				ASSETCATALOG_COMPILER_APPICON_NAME = AppIcon;
				CODE_SIGN_ENTITLEMENTS = MenuLove/MenuLove.entitlements;
				CODE_SIGN_STYLE = Automatic;
				COMBINE_HIDPI_IMAGES = YES;
				INFOPLIST_FILE = MenuLove/Info.plist;
				LD_RUNPATH_SEARCH_PATHS = "$(inherited) @executable_path/../Frameworks";
				PRODUCT_BUNDLE_IDENTIFIER = com.thepaulstella.MenuLove;
				PRODUCT_NAME = "$(TARGET_NAME)";
				SWIFT_VERSION = 4.0;
			};
			name = Release;
		};
/* End XCBuildConfiguration section */

/* Begin XCConfigurationList section */
		A500C2701FEF57840055333C /* Build configuration list for PBXProject "MenuLove" */ = {
			isa = XCConfigurationList;
			buildConfigurations = (
				A500C2811FEF57840055333C /* Debug */,
				A500C2821FEF57840055333C /* Release */,
			);
			defaultConfigurationIsVisible = 0;
			defaultConfigurationName = Release;
		};
		A500C2831FEF57840055333C /* Build configuration list for PBXNativeTarget "MenuLove" */ = {
			isa = XCConfigurationList;
			buildConfigurations = (
				A500C2841FEF57840055333C /* Debug */,
				A500C2851FEF57840055333C /* Release */,
			);
			defaultConfigurationIsVisible = 0;
			defaultConfigurationName = Release;
		};
/* End XCConfigurationList section */
	};
	rootObject = A500C26D1FEF57840055333C /* Project object */;
}
